
Microsoft Visual Studio Solution File, Format Version 12.00
# Visual Studio Version 16
VisualStudioVersion = 16.0.29519.181
MinimumVisualStudioVersion = 10.0.40219.1
Project("{FAE04EC0-301F-11D3-BF4B-00C04F79EFBC}") = "MVCWebPresentationLayer", "MVCWebPresentationLayer\MVCWebPresentationLayer.csproj", "{17DFBD81-452E-43E4-BBD2-5B0F06807FD3}"
EndProject
Project("{FAE04EC0-301F-11D3-BF4B-00C04F79EFBC}") = "BLL", "BLL\BLL.csproj", "{D6FFA92E-5C33-4323-A64F-C39EAA94F6E0}"
EndProject
Project("{FAE04EC0-301F-11D3-BF4B-00C04F79EFBC}") = "DAO", "DAO\DAO.csproj", "{78FB7702-89D7-4555-966F-BE009ABB837B}"
EndProject
Project("{FAE04EC0-301F-11D3-BF4B-00C04F79EFBC}") = "DTO", "DTO\DTO.csproj", "{F591A15A-0571-48C3-9C30-5BFFF8D8E4DD}"
EndProject
Project("{FAE04EC0-301F-11D3-BF4B-00C04F79EFBC}") = "Common", "Common\Common.csproj", "{A8FC73D4-99BD-4857-848B-B8DA47AE9128}"
EndProject
Global
	GlobalSection(SolutionConfigurationPlatforms) = preSolution
		Debug|Any CPU = Debug|Any CPU
		Release|Any CPU = Release|Any CPU
	EndGlobalSection
	GlobalSection(ProjectConfigurationPlatforms) = postSolution
		{17DFBD81-452E-43E4-BBD2-5B0F06807FD3}.Debug|Any CPU.ActiveCfg = Debug|Any CPU
		{17DFBD81-452E-43E4-BBD2-5B0F06807FD3}.Debug|Any CPU.Build.0 = Debug|Any CPU
		{17DFBD81-452E-43E4-BBD2-5B0F06807FD3}.Release|Any CPU.ActiveCfg = Release|Any CPU
		{17DFBD81-452E-43E4-BBD2-5B0F06807FD3}.Release|Any CPU.Build.0 = Release|Any CPU
		{D6FFA92E-5C33-4323-A64F-C39EAA94F6E0}.Debug|Any CPU.ActiveCfg = Debug|Any CPU
		{D6FFA92E-5C33-4323-A64F-C39EAA94F6E0}.Debug|Any CPU.Build.0 = Debug|Any CPU
		{D6FFA92E-5C33-4323-A64F-C39EAA94F6E0}.Release|Any CPU.ActiveCfg = Release|Any CPU
		{D6FFA92E-5C33-4323-A64F-C39EAA94F6E0}.Release|Any CPU.Build.0 = Release|Any CPU
		{78FB7702-89D7-4555-966F-BE009ABB837B}.Debug|Any CPU.ActiveCfg = Debug|Any CPU
		{78FB7702-89D7-4555-966F-BE009ABB837B}.Debug|Any CPU.Build.0 = Debug|Any CPU
		{78FB7702-89D7-4555-966F-BE009ABB837B}.Release|Any CPU.ActiveCfg = Release|Any CPU
		{78FB7702-89D7-4555-966F-BE009ABB837B}.Release|Any CPU.Build.0 = Release|Any CPU
		{F591A15A-0571-48C3-9C30-5BFFF8D8E4DD}.Debug|Any CPU.ActiveCfg = Debug|Any CPU
		{F591A15A-0571-48C3-9C30-5BFFF8D8E4DD}.Debug|Any CPU.Build.0 = Debug|Any CPU
		{F591A15A-0571-48C3-9C30-5BFFF8D8E4DD}.Release|Any CPU.ActiveCfg = Release|Any CPU
		{F591A15A-0571-48C3-9C30-5BFFF8D8E4DD}.Release|Any CPU.Build.0 = Release|Any CPU
		{A8FC73D4-99BD-4857-848B-B8DA47AE9128}.Debug|Any CPU.ActiveCfg = Debug|Any CPU
		{A8FC73D4-99BD-4857-848B-B8DA47AE9128}.Debug|Any CPU.Build.0 = Debug|Any CPU
		{A8FC73D4-99BD-4857-848B-B8DA47AE9128}.Release|Any CPU.ActiveCfg = Release|Any CPU
		{A8FC73D4-99BD-4857-848B-B8DA47AE9128}.Release|Any CPU.Build.0 = Release|Any CPU
	EndGlobalSection
	GlobalSection(SolutionProperties) = preSolution
		HideSolutionNode = FALSE
	EndGlobalSection
	GlobalSection(ExtensibilityGlobals) = postSolution
		SolutionGuid = {1CFEFD48-7792-44BD-AFAE-C0D52CBA18FD}
	EndGlobalSection
EndGlobal
